<?xml version="1.0" encoding="utf-8"?>
<Project ToolsVersion="4.0" xmlns="http://schemas.microsoft.com/developer/msbuild/2003">
  <ItemGroup>
    <Filter Include="Source Files">
      <UniqueIdentifier>{4FC737F1-C7A5-4376-A066-2A32D752A2FF}</UniqueIdentifier>
      <Extensions>cpp;c;cc;cxx;def;odl;idl;hpj;bat;asm;asmx</Extensions>
    </Filter>
    <Filter Include="Header Files">
      <UniqueIdentifier>{93995380-89BD-4b04-88EB-625FBE52EBFB}</UniqueIdentifier>
      <Extensions>h;hh;hpp;hxx;hm;inl;inc;ipp;xsd</Extensions>
    </Filter>
    <Filter Include="Resource Files">
      <UniqueIdentifier>{67DA6AB6-F800-4c08-8B7A-83BB121AAD01}</UniqueIdentifier>
      <Extensions>rc;ico;cur;bmp;dlg;rc2;rct;bin;rgs;gif;jpg;jpeg;jpe;resx;tiff;tif;png;wav;mfcribbon-ms</Extensions>
    </Filter>
    <Filter Include="Animations">
      <UniqueIdentifier>{c226b8a1-c770-4e47-b66a-8f8af78d1384}</UniqueIdentifier>
    </Filter>
    <Filter Include="Scene">
      <UniqueIdentifier>{db4024ca-60a5-4532-bf26-f43d2f83f23d}</UniqueIdentifier>
    </Filter>
    <Filter Include="Map">
      <UniqueIdentifier>{d78c0387-b4a8-49d9-9ca5-6a58009c3164}</UniqueIdentifier>
    </Filter>
    <Filter Include="Weapon">
      <UniqueIdentifier>{c8f7a7e9-cc18-4b78-a92a-640dbe011d04}</UniqueIdentifier>
    </Filter>
    <Filter Include="HUD">
      <UniqueIdentifier>{888581f3-8c1f-42cc-ab3c-b17dc3fd3efe}</UniqueIdentifier>
    </Filter>
    <Filter Include="GameObject">
      <UniqueIdentifier>{7847f8b7-f0ff-4eb7-bda7-b244957baeea}</UniqueIdentifier>
    </Filter>
  </ItemGroup>
  <ItemGroup>
    <ClCompile Include="main.cpp">
      <Filter>Source Files</Filter>
    </ClCompile>
    <ClCompile Include="Game.cpp">
      <Filter>Source Files</Filter>
    </ClCompile>
    <ClCompile Include="Sprites.cpp">
      <Filter>Source Files</Filter>
    </ClCompile>
    <ClCompile Include="Textures.cpp">
      <Filter>Source Files</Filter>
    </ClCompile>
    <ClCompile Include="Sprite.cpp">
      <Filter>Source Files</Filter>
    </ClCompile>
    <ClCompile Include="Ultis.cpp">
      <Filter>Source Files</Filter>
    </ClCompile>
    <ClCompile Include="Animations.cpp">
      <Filter>Animations</Filter>
    </ClCompile>
    <ClCompile Include="Animation.cpp">
      <Filter>Animations</Filter>
    </ClCompile>
    <ClCompile Include="AnimationSets.cpp">
      <Filter>Animations</Filter>
    </ClCompile>
    <ClCompile Include="AnimationFrame.cpp">
      <Filter>Animations</Filter>
    </ClCompile>
    <ClCompile Include="Ground.cpp">
      <Filter>Source Files</Filter>
    </ClCompile>
    <ClCompile Include="Item.cpp">
      <Filter>Source Files</Filter>
    </ClCompile>
    <ClCompile Include="Effect.cpp">
      <Filter>Source Files</Filter>
    </ClCompile>
    <ClCompile Include="SparkEffect.cpp">
      <Filter>Source Files</Filter>
    </ClCompile>
    <ClCompile Include="FireEffect.cpp">
      <Filter>Source Files</Filter>
    </ClCompile>
    <ClCompile Include="PlayScene.cpp">
      <Filter>Scene</Filter>
    </ClCompile>
    <ClCompile Include="IntroScene.cpp">
      <Filter>Scene</Filter>
    </ClCompile>
    <ClCompile Include="Scene.cpp">
      <Filter>Scene</Filter>
    </ClCompile>
    <ClCompile Include="Camera.cpp">
      <Filter>Map</Filter>
    </ClCompile>
    <ClCompile Include="Map.cpp">
      <Filter>Map</Filter>
    </ClCompile>
    <ClCompile Include="Axe.cpp">
      <Filter>Weapon</Filter>
    </ClCompile>
    <ClCompile Include="Boomerang.cpp">
      <Filter>Weapon</Filter>
    </ClCompile>
    <ClCompile Include="Dagger.cpp">
      <Filter>Weapon</Filter>
    </ClCompile>
    <ClCompile Include="Holywater.cpp">
      <Filter>Weapon</Filter>
    </ClCompile>
    <ClCompile Include="Weapon.cpp">
      <Filter>Weapon</Filter>
    </ClCompile>
    <ClCompile Include="Whip.cpp">
      <Filter>Weapon</Filter>
    </ClCompile>
    <ClCompile Include="StatusBoard.cpp">
      <Filter>HUD</Filter>
    </ClCompile>
    <ClCompile Include="SceneMangager.cpp">
      <Filter>Scene</Filter>
    </ClCompile>
    <ClCompile Include="Simon.cpp">
      <Filter>GameObject</Filter>
    </ClCompile>
    <ClCompile Include="Zombie.cpp">
      <Filter>GameObject</Filter>
    </ClCompile>
    <ClCompile Include="Bat.cpp">
      <Filter>GameObject</Filter>
    </ClCompile>
    <ClCompile Include="BackUp.cpp">
      <Filter>Scene</Filter>
    </ClCompile>
    <ClCompile Include="Candle.cpp">
      <Filter>GameObject</Filter>
    </ClCompile>
    <ClCompile Include="Portal.cpp">
      <Filter>GameObject</Filter>
    </ClCompile>
    <ClCompile Include="Knight.cpp">
      <Filter>GameObject</Filter>
    </ClCompile>
    <ClCompile Include="GameObject.cpp">
      <Filter>GameObject</Filter>
    </ClCompile>
    <ClCompile Include="Bumper.cpp">
      <Filter>Source Files</Filter>
    </ClCompile>
    <ClCompile Include="StairBottom.cpp">
      <Filter>Source Files</Filter>
    </ClCompile>
    <ClCompile Include="HealthBar.cpp">
      <Filter>HUD</Filter>
    </ClCompile>
    <ClCompile Include="MovingPlatform.cpp">
      <Filter>Source Files</Filter>
    </ClCompile>
    <ClCompile Include="HunchBack.cpp">
      <Filter>GameObject</Filter>
    </ClCompile>
    <ClCompile Include="Ghost.cpp">
      <Filter>GameObject</Filter>
    </ClCompile>
    <ClCompile Include="SmartEnemy.cpp">
      <Filter>GameObject</Filter>
    </ClCompile>
    <ClCompile Include="Skeleton.cpp">
      <Filter>GameObject</Filter>
    </ClCompile>
    <ClCompile Include="Grid.cpp">
      <Filter>Source Files</Filter>
    </ClCompile>
    <ClCompile Include="StopWatch.cpp">
      <Filter>Weapon</Filter>
    </ClCompile>
    <ClCompile Include="Raven.cpp">
      <Filter>GameObject</Filter>
    </ClCompile>
    <ClCompile Include="Bone.cpp">
      <Filter>Weapon</Filter>
    </ClCompile>
  </ItemGroup>
  <ItemGroup>
    <ClInclude Include="Game.h">
      <Filter>Header Files</Filter>
    </ClInclude>
    <ClInclude Include="Define.h">
      <Filter>Header Files</Filter>
    </ClInclude>
    <ClInclude Include="Textures.h">
      <Filter>Header Files</Filter>
    </ClInclude>
    <ClInclude Include="Sprites.h">
      <Filter>Header Files</Filter>
    </ClInclude>
    <ClInclude Include="KeyHandler.h">
      <Filter>Header Files</Filter>
    </ClInclude>
    <ClInclude Include="Utils.h">
      <Filter>Header Files</Filter>
    </ClInclude>
    <ClInclude Include="Animations.h">
      <Filter>Animations</Filter>
    </ClInclude>
    <ClInclude Include="Animation.h">
      <Filter>Animations</Filter>
    </ClInclude>
    <ClInclude Include="AnimationSets.h">
      <Filter>Animations</Filter>
    </ClInclude>
    <ClInclude Include="AnimationFrame.h">
      <Filter>Animations</Filter>
    </ClInclude>
    <ClInclude Include="Ground.h">
      <Filter>Header Files</Filter>
    </ClInclude>
    <ClInclude Include="Sprite.h">
      <Filter>Header Files</Filter>
    </ClInclude>
    <ClInclude Include="Item.h">
      <Filter>Header Files</Filter>
    </ClInclude>
    <ClInclude Include="Effect.h">
      <Filter>Header Files</Filter>
    </ClInclude>
    <ClInclude Include="SparkEffect.h">
      <Filter>Header Files</Filter>
    </ClInclude>
    <ClInclude Include="FireEffect.h">
      <Filter>Header Files</Filter>
    </ClInclude>
    <ClInclude Include="PlayScene.h">
      <Filter>Scene</Filter>
    </ClInclude>
    <ClInclude Include="Scene.h">
      <Filter>Scene</Filter>
    </ClInclude>
    <ClInclude Include="IntroScene.h">
      <Filter>Scene</Filter>
    </ClInclude>
    <ClInclude Include="Camera.h">
      <Filter>Map</Filter>
    </ClInclude>
    <ClInclude Include="Map.h">
      <Filter>Map</Filter>
    </ClInclude>
    <ClInclude Include="Weapon.h">
      <Filter>Weapon</Filter>
    </ClInclude>
    <ClInclude Include="Holywater.h">
      <Filter>Weapon</Filter>
    </ClInclude>
    <ClInclude Include="Dagger.h">
      <Filter>Weapon</Filter>
    </ClInclude>
    <ClInclude Include="Boomerang.h">
      <Filter>Weapon</Filter>
    </ClInclude>
    <ClInclude Include="Axe.h">
      <Filter>Weapon</Filter>
    </ClInclude>
    <ClInclude Include="Whip.h">
      <Filter>Weapon</Filter>
    </ClInclude>
    <ClInclude Include="StatusBoard.h">
      <Filter>HUD</Filter>
    </ClInclude>
    <ClInclude Include="SceneMangager.h">
      <Filter>Scene</Filter>
    </ClInclude>
    <ClInclude Include="Bat.h">
      <Filter>GameObject</Filter>
    </ClInclude>
    <ClInclude Include="Simon.h">
      <Filter>GameObject</Filter>
    </ClInclude>
    <ClInclude Include="Zombie.h">
      <Filter>GameObject</Filter>
    </ClInclude>
    <ClInclude Include="BackUp.h">
      <Filter>Scene</Filter>
    </ClInclude>
    <ClInclude Include="Candle.h">
      <Filter>GameObject</Filter>
    </ClInclude>
    <ClInclude Include="Portal.h">
      <Filter>GameObject</Filter>
    </ClInclude>
    <ClInclude Include="Knight.h">
      <Filter>GameObject</Filter>
    </ClInclude>
    <ClInclude Include="GameObject.h">
      <Filter>GameObject</Filter>
    </ClInclude>
    <ClInclude Include="Bumper.h">
      <Filter>Header Files</Filter>
    </ClInclude>
    <ClInclude Include="StairBottom.h">
      <Filter>Header Files</Filter>
    </ClInclude>
    <ClInclude Include="HealthBar.h">
      <Filter>HUD</Filter>
    </ClInclude>
    <ClInclude Include="MovingPlatform.h">
      <Filter>Header Files</Filter>
    </ClInclude>
    <ClInclude Include="HunchBack.h">
      <Filter>GameObject</Filter>
    </ClInclude>
    <ClInclude Include="Ghost.h">
      <Filter>GameObject</Filter>
    </ClInclude>
    <ClInclude Include="SmartEnemy.h">
      <Filter>GameObject</Filter>
    </ClInclude>
    <ClInclude Include="Skeleton.h">
      <Filter>GameObject</Filter>
    </ClInclude>
    <ClInclude Include="Grid.h">
      <Filter>Header Files</Filter>
    </ClInclude>
    <ClInclude Include="StopWatch.h">
      <Filter>Weapon</Filter>
    </ClInclude>
    <ClInclude Include="Raven.h">
      <Filter>GameObject</Filter>
    </ClInclude>
    <ClInclude Include="Bone.h">
      <Filter>Weapon</Filter>
    </ClInclude>
  </ItemGroup>
</Project>